
Microsoft Visual Studio Solution File, Format Version 12.00
# Visual Studio Version 16
VisualStudioVersion = 16.0.30503.244
MinimumVisualStudioVersion = 10.0.40219.1
Project("{9A19103F-16F7-4668-BE54-9A1E7A4F7556}") = "HotelVanKeus", "HotelVanKeus\HotelVanKeus.csproj", "{DE12E832-F927-47BF-941A-EF953C7D22DB}"
EndProject
Project("{2150E333-8FDC-42A3-9474-1A3956D46DE8}") = "Solution Items", "Solution Items", "{76D74D3C-D1A3-4B1E-8D92-B6BCBDABBD4F}"
	ProjectSection(SolutionItems) = preProject
		To-dos.txt = To-dos.txt
	EndProjectSection
EndProject
Global
	GlobalSection(SolutionConfigurationPlatforms) = preSolution
		Debug|Any CPU = Debug|Any CPU
		Release|Any CPU = Release|Any CPU
	EndGlobalSection
	GlobalSection(ProjectConfigurationPlatforms) = postSolution
		{DE12E832-F927-47BF-941A-EF953C7D22DB}.Debug|Any CPU.ActiveCfg = Debug|Any CPU
		{DE12E832-F927-47BF-941A-EF953C7D22DB}.Debug|Any CPU.Build.0 = Debug|Any CPU
		{DE12E832-F927-47BF-941A-EF953C7D22DB}.Release|Any CPU.ActiveCfg = Release|Any CPU
		{DE12E832-F927-47BF-941A-EF953C7D22DB}.Release|Any CPU.Build.0 = Release|Any CPU
	EndGlobalSection
	GlobalSection(SolutionProperties) = preSolution
		HideSolutionNode = FALSE
	EndGlobalSection
	GlobalSection(ExtensibilityGlobals) = postSolution
		SolutionGuid = {04B16A9D-9902-479F-B70E-BBFD1A184F02}
	EndGlobalSection
EndGlobal
